
Microsoft Visual Studio Solution File, Format Version 12.00
Project("{FAE04EC0-301F-11D3-BF4B-00C04F79EFBC}") = "SystemLotowMK", "SystemLotowMK\SystemLotowMK.csproj", "{2F7B293E-441B-485C-96B5-2218B2270499}"
EndProject
Project("{FAE04EC0-301F-11D3-BF4B-00C04F79EFBC}") = "SystemLotowMK.Application", "SystemLotowMK.Application\SystemLotowMK.Application.csproj", "{7DF8DDC7-97D0-43DF-BFD4-0E0C3E0D4BA9}"
EndProject
Project("{FAE04EC0-301F-11D3-BF4B-00C04F79EFBC}") = "SystemLotowMK.Infrastructure", "SystemLotowMK.Infrastructure\SystemLotowMK.Infrastructure.csproj", "{F1E3043F-3832-4014-8E9F-00FF493A9B8E}"
EndProject
Project("{FAE04EC0-301F-11D3-BF4B-00C04F79EFBC}") = "SystemLotowMK.Domain", "SystemLotowMK.Domain\SystemLotowMK.Domain.csproj", "{E13E462E-9A0D-4FA7-B648-C03DAEBB62C7}"
EndProject
Project("{FAE04EC0-301F-11D3-BF4B-00C04F79EFBC}") = "SystemLotowMK.Tests", "SystemLotowMK.Tests\SystemLotowMK.Tests.csproj", "{BC9244E5-5CD5-4F90-B270-1531092608C8}"
EndProject
Global
	GlobalSection(SolutionConfigurationPlatforms) = preSolution
		Debug|Any CPU = Debug|Any CPU
		Release|Any CPU = Release|Any CPU
	EndGlobalSection
	GlobalSection(ProjectConfigurationPlatforms) = postSolution
		{2F7B293E-441B-485C-96B5-2218B2270499}.Debug|Any CPU.ActiveCfg = Debug|Any CPU
		{2F7B293E-441B-485C-96B5-2218B2270499}.Debug|Any CPU.Build.0 = Debug|Any CPU
		{2F7B293E-441B-485C-96B5-2218B2270499}.Release|Any CPU.ActiveCfg = Release|Any CPU
		{2F7B293E-441B-485C-96B5-2218B2270499}.Release|Any CPU.Build.0 = Release|Any CPU
		{7DF8DDC7-97D0-43DF-BFD4-0E0C3E0D4BA9}.Debug|Any CPU.ActiveCfg = Debug|Any CPU
		{7DF8DDC7-97D0-43DF-BFD4-0E0C3E0D4BA9}.Debug|Any CPU.Build.0 = Debug|Any CPU
		{7DF8DDC7-97D0-43DF-BFD4-0E0C3E0D4BA9}.Release|Any CPU.ActiveCfg = Release|Any CPU
		{7DF8DDC7-97D0-43DF-BFD4-0E0C3E0D4BA9}.Release|Any CPU.Build.0 = Release|Any CPU
		{F1E3043F-3832-4014-8E9F-00FF493A9B8E}.Debug|Any CPU.ActiveCfg = Debug|Any CPU
		{F1E3043F-3832-4014-8E9F-00FF493A9B8E}.Debug|Any CPU.Build.0 = Debug|Any CPU
		{F1E3043F-3832-4014-8E9F-00FF493A9B8E}.Release|Any CPU.ActiveCfg = Release|Any CPU
		{F1E3043F-3832-4014-8E9F-00FF493A9B8E}.Release|Any CPU.Build.0 = Release|Any CPU
		{E13E462E-9A0D-4FA7-B648-C03DAEBB62C7}.Debug|Any CPU.ActiveCfg = Debug|Any CPU
		{E13E462E-9A0D-4FA7-B648-C03DAEBB62C7}.Debug|Any CPU.Build.0 = Debug|Any CPU
		{E13E462E-9A0D-4FA7-B648-C03DAEBB62C7}.Release|Any CPU.ActiveCfg = Release|Any CPU
		{E13E462E-9A0D-4FA7-B648-C03DAEBB62C7}.Release|Any CPU.Build.0 = Release|Any CPU
		{BC9244E5-5CD5-4F90-B270-1531092608C8}.Debug|Any CPU.ActiveCfg = Debug|Any CPU
		{BC9244E5-5CD5-4F90-B270-1531092608C8}.Debug|Any CPU.Build.0 = Debug|Any CPU
		{BC9244E5-5CD5-4F90-B270-1531092608C8}.Release|Any CPU.ActiveCfg = Release|Any CPU
		{BC9244E5-5CD5-4F90-B270-1531092608C8}.Release|Any CPU.Build.0 = Release|Any CPU
	EndGlobalSection
EndGlobal
